alabaster==1.0.0 --hash=sha256:fc6786402dc3fcb2de3cabd5fe455a2db534b371124f1f21de8731783dec828b
annotated-types==0.8.0 --hash=sha256:f072f4d804ea359e4eaf198b1af7a8b0943881a87f31bb764f8bf219bb9419e0
antlr4-python3-runtime==4.9.3 --hash=sha256:01bf2b73d554494d4d7ff134b0577ae772f3ddcb0ccbcfa61870a275eb35bc55
arrow==1.4.0 --hash=sha256:749f0769958ebdc79c173ff0b0670d59051a535fa26e8eba02953dc19eb43205
attrs==26.1.0 --hash=sha256:c647aa4a12dfbad9333ca4e71fe62ddc36f4e63b2d260a37a8b83d2f043ac309
babel==2.18.0 --hash=sha256:e2b422b277c2b9a9630c1d7903c2a00d0830c409c59ac8cae9081c92f1aeba35
backports-zstd==1.7.0 --hash=sha256:470895d0bcddc850766e593d1b26764fb138c2feed149f515a2627ef9587d54c
certifi==2026.7.22 --hash=sha256:62f22742b58a1a33014a2b6b706588a8d7e2a88ae7bd1a6ebe8c992928483775
cfgraph==0.2.1 --hash=sha256:28a5bc1292af3c7de137c500da2f9607d66ed27fe787f15ce33e5698fa828f13
chardet==7.6.0 --hash=sha256:2cf0adaca8b1c4bacfade9d0a1e4f8f70b1bb122833d6f07ab90e3adc84eb13a
charset-normalizer==3.5.1 --hash=sha256:b9af956078716df40d985fb0dfeb2c2120c5ca92ba4ff4b388acfd01cdc14d08
click==8.5.0 --hash=sha256:255bc9599cf7748b4b1a446ccc735421bd08a2ae529a8b88597d3de5664ee360
curies==0.15.0 --hash=sha256:cea20aa3f9911aeb2c955ad03112dfe1df658a8c8b260336bb84595df6838001
deprecated==1.3.1 --hash=sha256:597bfef186b6f60181535a29fbe44865ce137a5079f295b479886c82729d5f3f
docutils==0.22.4 --hash=sha256:d0013f540772d1420576855455d050a2180186c91c15779301ac2ccb3eeb68de
et-xmlfile==2.0.0 --hash=sha256:7a91720bc756843502c3b7504c77b8fe44217c85c537d85037f0f536151b2caa
fqdn==1.5.1 --hash=sha256:3a179af3761e4df6eb2e026ff9e1a3033d3587bf980a0b1b2e1e5d08d7358014
graphviz==0.21 --hash=sha256:54f33de9f4f911d7e84e4191749cac8cc5653f815b06738c54db9a15ab8b1e42
greenlet==3.5.5 --hash=sha256:147b25a42e5ca5be3d42356e8f608b37af715a1c196e9bf9d1627f3341adfe1d
hbreader==0.9.1 --hash=sha256:9a6e76c9d1afc1b977374a5dc430a1ebb0ea0488205546d4678d6e31cc5f6801
idna==3.19 --hash=sha256:815e7be7a7806d54abb586dc943addc79e8b2ee16915059658cbeff4b1b43bf4
imagesize==2.0.1 --hash=sha256:ea0c9a0384df69ed86a943a15cde37d0360b82491b3910dc2215e202e62b5b02
isodate==0.7.2 --hash=sha256:28009937d8031054830160fce6d409ed342816b543597cece116d966c6d99e15
isoduration==20.11.0 --hash=sha256:b2904c2a4228c3d44f409c8ae8e2370eb21a26f7ac2ec5446df141dde3452042
jinja2==3.1.6 --hash=sha256:85ece4451f492d0c13c5dd7c13a64681a86afae63a5f347908daf103ce6d2f67
json-flattener==0.1.9 --hash=sha256:6b027746f08bf37a75270f30c6690c7149d5f704d8af1740c346a3a1236bc941
jsonasobj2==1.0.4 --hash=sha256:12e86f86324d54fcf60632db94ea74488d5314e3da554c994fe1e2c6f29acb79
jsonasobj==1.3.1 --hash=sha256:b9e329dc1ceaae7cf5d5b214684a0b100e0dad0be6d5bbabac281ec35ddeca65
jsonpointer==3.1.1 --hash=sha256:8ff8b95779d071ba472cf5bc913028df06031797532f08a7d5b602d8b2a488ca
jsonschema-specifications==2025.9.1 --hash=sha256:98802fee3a11ee76ecaca44429fda8a41bff98b00a0f2838151b113f210cc6fe
jsonschema==4.26.0 --hash=sha256:d489f15263b8d200f8387e64b4c3a75f06629559fb73deb8fdfb525f2dab50ce
linkml-runtime==1.11.1 --hash=sha256:b22c77d8fd920d0f4f43a6ece31393dc0b28bb47790f3e1c114210318c36b3da
linkml==1.11.1 --hash=sha256:d1bbb97a8b1ea4a99b145007875733a5e5e89b3acfe3e9d1e369fa4a582990ed
markupsafe==3.0.3 --hash=sha256:d6dd0be5b5b189d31db7cda48b91d7e0a9795f31430b7f271219ab30f1d3ac9d
openpyxl==3.1.5 --hash=sha256:5282c12b107bffeef825f4617dc029afaf41d0ea60823bbb665ef3079dc79de2
packaging==26.3 --hash=sha256:d7193f7c8e4e93f444fde0262bf90af30e16fa0ad0ad44cb553c87339b23cd1c
parse==1.22.1 --hash=sha256:20f0925a46f06602485ac90d751764d0697fd8455aaa97489ba8953a4b66de32
pip==25.0.1 --hash=sha256:c46efd13b6aa8279f33f2864459c8ce587ea6a1a59ee20de055868d8f7688f7f
prefixcommons==0.1.12+malleus.1 --hash=sha256:babe12e167bd36d00baabdbd1916093853791990d72383bb979f1e028dc87498
prefixmaps==0.2.6 --hash=sha256:f6cef28a7320fc6337cf411be212948ce570333a0ce958940ef684c7fb192a62
pydantic-core==2.46.4 --hash=sha256:926c9541b14b12b1681dca8a0b75feb510b06c6341b70a8e500c2fdcff837cce
pydantic==2.13.4 --hash=sha256:45a282cde31d808236fd7ea9d919b128653c8b38b393d1c4ab335c62924d9aba
pygments==2.21.0 --hash=sha256:2363c69b61c4a97c838da3b130dcd6468f4848992b21a82f2a63ec34377137d9
pyjsg==0.12.4 --hash=sha256:a57ae58bfd7192b32654a0024bc6462fb459d54e837f0b2b5cff0726aad2e557
pyparsing==3.3.2 --hash=sha256:850ba148bd908d7e2411587e247a1e4f0327839c40e2e5e6d05a007ecc69911d
pyshex==0.9.0 --hash=sha256:d81344deed686b7c169f23156221ae281225e2ba02b14fe9810335afdefffa9d
pyshexc==0.10.3.post1 --hash=sha256:5d247f2822ef9864152545935d93a07dce66640608ea9414c96f69da7fe7a168
pystow==0.9.2 --hash=sha256:1a93a6ec815211b05f4f3097943f6a13608ea1492aea8d59740b5c0164eadec7
python-dateutil==2.9.0.post0 --hash=sha256:a8b2bc7bffae282281c8140a97d3aa9c14da0b136dfe83f850eea9a5f7470427
pyyaml==6.0.3 --hash=sha256:ba1cc08a7ccde2d2ec775841541641e4548226580ab850948cbfda66a1befcdc
rdflib-jsonld==0.6.1 --hash=sha256:bcf84317e947a661bae0a3f2aee1eced697075fc4ac4db6065a3340ea0f10fc2
rdflib-shim==1.0.3 --hash=sha256:7a853e7750ef1e9bf4e35dea27d54e02d4ed087de5a9e0c329c4a6d82d647081
rdflib==7.6.0 --hash=sha256:30c0a3ebf4c0e09215f066be7246794b6492e054e782d7ac2a34c9f70a15e0dd
referencing==0.37.0 --hash=sha256:381329a9f99628c9069361716891d34ad94af76e461dcb0335825aecc7692231
requests==2.34.2 --hash=sha256:2a0d60c172f83ac6ab31e4554906c0f3b3588d37b5cb939b1c061f4907e278e0
rfc3339-validator==0.1.4 --hash=sha256:24f6ec1eda14ef823da9e36ec7113124b39c04d50a4d3d3a3c2859577e7791fa
rfc3987==1.3.8 --hash=sha256:10702b1e51e5658843460b189b185c0366d2cf4cff716f13111b0ea9fd2dce53
roman-numerals==4.1.0 --hash=sha256:647ba99caddc2cc1e55a51e4360689115551bf4476d90e8162cf8c345fe233c7
rpds-py==2026.6.3 --hash=sha256:ecabd69db66de867690f9797f2f8fa27ba501bbc24540cbdbdc649cd15888ba6
shexjsg==0.9.0 --hash=sha256:abf18db2d9895bc46740f68ae699b2ccfe08c783f6e0c038e6077293ad01c0a5
six==1.17.0 --hash=sha256:4721f391ed90541fddacab5acf947aa0d3dc7d27b2e1e8eda2be8970586c3274
snowballstemmer==3.1.1 --hash=sha256:7e207fa178741da09cdee59d3ecec3827ad5f92b1fc5c9ff3755b639f71f5752
sparqlslurper==0.5.1 --hash=sha256:ae49b2d8ce3dd38df7a40465b228ad5d33fb7e11b3f248d195f9cadfc9cfff87
sparqlwrapper==2.0.0 --hash=sha256:c99a7204fff676ee28e6acef327dc1ff8451c6f7217dcd8d49e8872f324a8a20
sphinx-click==6.2.0 --hash=sha256:1fb1851cb4f2c286d43cbcd57f55db6ef5a8d208bfc3370f19adde232e5803d7
sphinx==9.1.0 --hash=sha256:c84fdd4e782504495fe4f2c0b3413d6c2bf388589bb352d439b2a3bb99991978
sphinxcontrib-applehelp==2.0.0 --hash=sha256:4cd3f0ec4ac5dd9c17ec65e9ab272c9b867ea77425228e68ecf08d6b28ddbdb5
sphinxcontrib-devhelp==2.0.0 --hash=sha256:aefb8b83854e4b0998877524d1029fd3e6879210422ee3780459e28a1f03a8a2
sphinxcontrib-htmlhelp==2.1.0 --hash=sha256:166759820b47002d22914d64a075ce08f4c46818e17cfc9470a9786b759b19f8
sphinxcontrib-jsmath==1.0.1 --hash=sha256:2ec2eaebfb78f3f2078e73666b1415417a116cc848b72e5172e596c871103178
sphinxcontrib-qthelp==2.0.0 --hash=sha256:b18a828cdba941ccd6ee8445dbe72ffa3ef8cbe7505d8cd1fa0d42d3f2d5f3eb
sphinxcontrib-serializinghtml==2.0.0 --hash=sha256:6e2cb0eef194e10c27ec0023bfeb25badbbb5868244cf5bc5bdc04e4464bf331
sqlalchemy==2.0.52 --hash=sha256:8738008376d22f30f411ea3efecf39b51110b6996d80bb73786f30bcfdd5fd3b
tqdm==4.70.0 --hash=sha256:7f585706bfddbdebf89daac705b2dfcc16890130727d3197ca62c732b4310953
typing-extensions==4.16.0 --hash=sha256:481caa481374e813c1b176ada14e97f1f67a4539ce9cfeb3f350d78d6370c2e8
typing-inspection==0.4.4 --hash=sha256:65b8397ba37ccbce054456aaccddfc91e6e3083c92824df348d96ca832f3f147
tzdata==2026.3 --hash=sha256:dc096730c87af6cab1b171c9d532be840741ff5d459015e7f6947bd7d7e54931
uri-template==1.3.0 --hash=sha256:a44a133ea12d44a0c0f06d7d42a52d71282e77e2f937d8abd5655b8d56fc1363
urllib3==2.7.0 --hash=sha256:9fb4c81ebbb1ce9531cce37674bbc6f1360472bc18ca9a553ede278ef7276897
watchdog==6.0.0 --hash=sha256:20ffe5b202af80ab4266dcd3e91aae72bf2da48c0d33bdb15c66658e685e94e2
webcolors==25.10.0 --hash=sha256:032c727334856fc0b968f63daa252a1ac93d33db2f5267756623c210e57a4f1d
wrapt==2.3.0 --hash=sha256:5d221a6e6ddd302b8397433184e96b59f259f50024b854db1c411a881586b6b8
